
Microsoft Visual Studio Solution File, Format Version 12.00
# Visual Studio 14
VisualStudioVersion = 14.0.25420.1
MinimumVisualStudioVersion = 10.0.40219.1
Project("{FAE04EC0-301F-11D3-BF4B-00C04F79EFBC}") = "WebApplication_Hotel_ASP", "WebApplication_Hotel_ASP\WebApplication_Hotel_ASP.csproj", "{B1DCDC85-668E-454D-855A-886B73FA1AE3}"
EndProject
Project("{FAE04EC0-301F-11D3-BF4B-00C04F79EFBC}") = "BusinessLayer", "Bussiness_Layer\BusinessLayer.csproj", "{9B5DBF9A-00FA-43DF-80B6-49E7AF3C7664}"
EndProject
Project("{FAE04EC0-301F-11D3-BF4B-00C04F79EFBC}") = "DAL", "DAL\DAL.csproj", "{D500815E-F5A3-496F-B55C-7A3B978DDFAA}"
EndProject
Project("{FAE04EC0-301F-11D3-BF4B-00C04F79EFBC}") = "Entity_Layer", "Entity_Layer\Entity_Layer.csproj", "{B59041EC-BD95-4759-837A-033F5E4C2270}"
EndProject
Global
	GlobalSection(SolutionConfigurationPlatforms) = preSolution
		Debug|Any CPU = Debug|Any CPU
		Release|Any CPU = Release|Any CPU
	EndGlobalSection
	GlobalSection(ProjectConfigurationPlatforms) = postSolution
		{B1DCDC85-668E-454D-855A-886B73FA1AE3}.Debug|Any CPU.ActiveCfg = Debug|Any CPU
		{B1DCDC85-668E-454D-855A-886B73FA1AE3}.Debug|Any CPU.Build.0 = Debug|Any CPU
		{B1DCDC85-668E-454D-855A-886B73FA1AE3}.Release|Any CPU.ActiveCfg = Release|Any CPU
		{B1DCDC85-668E-454D-855A-886B73FA1AE3}.Release|Any CPU.Build.0 = Release|Any CPU
		{9B5DBF9A-00FA-43DF-80B6-49E7AF3C7664}.Debug|Any CPU.ActiveCfg = Debug|Any CPU
		{9B5DBF9A-00FA-43DF-80B6-49E7AF3C7664}.Debug|Any CPU.Build.0 = Debug|Any CPU
		{9B5DBF9A-00FA-43DF-80B6-49E7AF3C7664}.Release|Any CPU.ActiveCfg = Release|Any CPU
		{9B5DBF9A-00FA-43DF-80B6-49E7AF3C7664}.Release|Any CPU.Build.0 = Release|Any CPU
		{D500815E-F5A3-496F-B55C-7A3B978DDFAA}.Debug|Any CPU.ActiveCfg = Debug|Any CPU
		{D500815E-F5A3-496F-B55C-7A3B978DDFAA}.Debug|Any CPU.Build.0 = Debug|Any CPU
		{D500815E-F5A3-496F-B55C-7A3B978DDFAA}.Release|Any CPU.ActiveCfg = Release|Any CPU
		{D500815E-F5A3-496F-B55C-7A3B978DDFAA}.Release|Any CPU.Build.0 = Release|Any CPU
		{B59041EC-BD95-4759-837A-033F5E4C2270}.Debug|Any CPU.ActiveCfg = Debug|Any CPU
		{B59041EC-BD95-4759-837A-033F5E4C2270}.Debug|Any CPU.Build.0 = Debug|Any CPU
		{B59041EC-BD95-4759-837A-033F5E4C2270}.Release|Any CPU.ActiveCfg = Release|Any CPU
		{B59041EC-BD95-4759-837A-033F5E4C2270}.Release|Any CPU.Build.0 = Release|Any CPU
	EndGlobalSection
	GlobalSection(SolutionProperties) = preSolution
		HideSolutionNode = FALSE
	EndGlobalSection
EndGlobal
